// !$*UTF8*$!
{
	archiveVersion = 1;
	classes = {
	};
	objectVersion = 46;
	objects = {

/* Begin PBXBuildFile section */
		732FC3181B84498900DB69A5 /* OpenSans-Regular.ttf in Resources */ = {isa = PBXBuildFile; fileRef = 732FC3161B84498900DB69A5 /* OpenSans-Regular.ttf */; };
		732FC3191B84498900DB69A5 /* OpenSans-Semibold.ttf in Resources */ = {isa = PBXBuildFile; fileRef = 732FC3171B84498900DB69A5 /* OpenSans-Semibold.ttf */; };
		732FC31D1B8450E300DB69A5 /* AppearanceExtensions.m in Sources */ = {isa = PBXBuildFile; fileRef = 732FC31C1B8450E300DB69A5 /* AppearanceExtensions.m */; };
		732FC31F1B84541E00DB69A5 /* SwoleStyles.swift in Sources */ = {isa = PBXBuildFile; fileRef = 732FC31E1B84541E00DB69A5 /* SwoleStyles.swift */; };
		73454E7C1B839B7E00DB0C76 /* AppDelegate.swift in Sources */ = {isa = PBXBuildFile; fileRef = 73454E7B1B839B7E00DB0C76 /* AppDelegate.swift */; };
		73454E7E1B839B7E00DB0C76 /* DiscoverViewController.swift in Sources */ = {isa = PBXBuildFile; fileRef = 73454E7D1B839B7E00DB0C76 /* DiscoverViewController.swift */; };
		73454E811B839B7E00DB0C76 /* Main.storyboard in Resources */ = {isa = PBXBuildFile; fileRef = 73454E7F1B839B7E00DB0C76 /* Main.storyboard */; };
		73454E831B839B7E00DB0C76 /* Images.xcassets in Resources */ = {isa = PBXBuildFile; fileRef = 73454E821B839B7E00DB0C76 /* Images.xcassets */; };
		73454E861B839B7E00DB0C76 /* LaunchScreen.xib in Resources */ = {isa = PBXBuildFile; fileRef = 73454E841B839B7E00DB0C76 /* LaunchScreen.xib */; };
		73454E921B839B7E00DB0C76 /* SwolematesTests.swift in Sources */ = {isa = PBXBuildFile; fileRef = 73454E911B839B7E00DB0C76 /* SwolematesTests.swift */; };
		73454E9C1B839EA400DB0C76 /* GymListing.swift in Sources */ = {isa = PBXBuildFile; fileRef = 73454E9B1B839EA400DB0C76 /* GymListing.swift */; };
		73454EA11B83A21100DB0C76 /* LocationExtensions.swift in Sources */ = {isa = PBXBuildFile; fileRef = 73454EA01B83A21100DB0C76 /* LocationExtensions.swift */; };
		73454EB21B83EF4000DB0C76 /* BorderedButton.swift in Sources */ = {isa = PBXBuildFile; fileRef = 73454EB11B83EF4000DB0C76 /* BorderedButton.swift */; };
		73D1615D1B83FB8100E4E6F4 /* DateExtensions.swift in Sources */ = {isa = PBXBuildFile; fileRef = 73D1615C1B83FB8100E4E6F4 /* DateExtensions.swift */; };
		73D1615F1B83FFEB00E4E6F4 /* ImageExtensions.swift in Sources */ = {isa = PBXBuildFile; fileRef = 73D1615E1B83FFEB00E4E6F4 /* ImageExtensions.swift */; };
		73D161671B84257900E4E6F4 /* CreateListingViewController.swift in Sources */ = {isa = PBXBuildFile; fileRef = 73D161661B84257900E4E6F4 /* CreateListingViewController.swift */; };
		73D161691B842B4A00E4E6F4 /* ListingViewController.swift in Sources */ = {isa = PBXBuildFile; fileRef = 73D161681B842B4A00E4E6F4 /* ListingViewController.swift */; };
		73D1616B1B84355600E4E6F4 /* AboutViewController.swift in Sources */ = {isa = PBXBuildFile; fileRef = 73D1616A1B84355600E4E6F4 /* AboutViewController.swift */; };
		73D1616D1B84399300E4E6F4 /* LoginViewController.swift in Sources */ = {isa = PBXBuildFile; fileRef = 73D1616C1B84399300E4E6F4 /* LoginViewController.swift */; };
		970FEDFFD01A19835E9A3660 /* Pods.framework in Frameworks */ = {isa = PBXBuildFile; fileRef = 6FB4F60CE10F2C395AADA5A3 /* Pods.framework */; settings = {ATTRIBUTES = (Weak, ); }; };
/* End PBXBuildFile section */

/* Begin PBXContainerItemProxy section */
		73454E8C1B839B7E00DB0C76 /* PBXContainerItemProxy */ = {
			isa = PBXContainerItemProxy;
			containerPortal = 73454E6E1B839B7E00DB0C76 /* Project object */;
			proxyType = 1;
			remoteGlobalIDString = 73454E751B839B7E00DB0C76;
			remoteInfo = Swolemates;
		};
/* End PBXContainerItemProxy section */

/* Begin PBXFileReference section */
		0A3CB00F848FC2665E7F4AD8 /* Pods.debug.xcconfig */ = {isa = PBXFileReference; includeInIndex = 1; lastKnownFileType = text.xcconfig; name = Pods.debug.xcconfig; path = "Pods/Target Support Files/Pods/Pods.debug.xcconfig"; sourceTree = "<group>"; };
		6080E4F39EAB8227DEBFC43E /* Pods.release.xcconfig */ = {isa = PBXFileReference; includeInIndex = 1; lastKnownFileType = text.xcconfig; name = Pods.release.xcconfig; path = "Pods/Target Support Files/Pods/Pods.release.xcconfig"; sourceTree = "<group>"; };
		6FB4F60CE10F2C395AADA5A3 /* Pods.framework */ = {isa = PBXFileReference; explicitFileType = wrapper.framework; includeInIndex = 0; path = Pods.framework; sourceTree = BUILT_PRODUCTS_DIR; };
		732FC3161B84498900DB69A5 /* OpenSans-Regular.ttf */ = {isa = PBXFileReference; lastKnownFileType = file; path = "OpenSans-Regular.ttf"; sourceTree = "<group>"; };
		732FC3171B84498900DB69A5 /* OpenSans-Semibold.ttf */ = {isa = PBXFileReference; lastKnownFileType = file; path = "OpenSans-Semibold.ttf"; sourceTree = "<group>"; };
		732FC31A1B8450E200DB69A5 /* Swolemates-Bridging-Header.h */ = {isa = PBXFileReference; lastKnownFileType = sourcecode.c.h; path = "Swolemates-Bridging-Header.h"; sourceTree = SOURCE_ROOT; };
		732FC31B1B8450E300DB69A5 /* AppearanceExtensions.h */ = {isa = PBXFileReference; fileEncoding = 4; lastKnownFileType = sourcecode.c.h; path = AppearanceExtensions.h; sourceTree = "<group>"; };
		732FC31C1B8450E300DB69A5 /* AppearanceExtensions.m */ = {isa = PBXFileReference; fileEncoding = 4; lastKnownFileType = sourcecode.c.objc; path = AppearanceExtensions.m; sourceTree = "<group>"; };
		732FC31E1B84541E00DB69A5 /* SwoleStyles.swift */ = {isa = PBXFileReference; fileEncoding = 4; lastKnownFileType = sourcecode.swift; path = SwoleStyles.swift; sourceTree = "<group>"; };
		73454E761B839B7E00DB0C76 /* Swolemates.app */ = {isa = PBXFileReference; explicitFileType = wrapper.application; includeInIndex = 0; path = Swolemates.app; sourceTree = BUILT_PRODUCTS_DIR; };
		73454E7A1B839B7E00DB0C76 /* Info.plist */ = {isa = PBXFileReference; lastKnownFileType = text.plist.xml; path = Info.plist; sourceTree = "<group>"; };
		73454E7B1B839B7E00DB0C76 /* AppDelegate.swift */ = {isa = PBXFileReference; lastKnownFileType = sourcecode.swift; path = AppDelegate.swift; sourceTree = "<group>"; };
		73454E7D1B839B7E00DB0C76 /* DiscoverViewController.swift */ = {isa = PBXFileReference; lastKnownFileType = sourcecode.swift; path = DiscoverViewController.swift; sourceTree = "<group>"; };
		73454E801B839B7E00DB0C76 /* Base */ = {isa = PBXFileReference; lastKnownFileType = file.storyboard; name = Base; path = Base.lproj/Main.storyboard; sourceTree = "<group>"; };
		73454E821B839B7E00DB0C76 /* Images.xcassets */ = {isa = PBXFileReference; lastKnownFileType = folder.assetcatalog; path = Images.xcassets; sourceTree = "<group>"; };
		73454E851B839B7E00DB0C76 /* Base */ = {isa = PBXFileReference; lastKnownFileType = file.xib; name = Base; path = Base.lproj/LaunchScreen.xib; sourceTree = "<group>"; };
		73454E8B1B839B7E00DB0C76 /* SwolematesTests.xctest */ = {isa = PBXFileReference; explicitFileType = wrapper.cfbundle; includeInIndex = 0; path = SwolematesTests.xctest; sourceTree = BUILT_PRODUCTS_DIR; };
		73454E901B839B7E00DB0C76 /* Info.plist */ = {isa = PBXFileReference; lastKnownFileType = text.plist.xml; path = Info.plist; sourceTree = "<group>"; };
		73454E911B839B7E00DB0C76 /* SwolematesTests.swift */ = {isa = PBXFileReference; lastKnownFileType = sourcecode.swift; path = SwolematesTests.swift; sourceTree = "<group>"; };
		73454E9B1B839EA400DB0C76 /* GymListing.swift */ = {isa = PBXFileReference; fileEncoding = 4; lastKnownFileType = sourcecode.swift; path = GymListing.swift; sourceTree = "<group>"; };
		73454EA01B83A21100DB0C76 /* LocationExtensions.swift */ = {isa = PBXFileReference; fileEncoding = 4; lastKnownFileType = sourcecode.swift; path = LocationExtensions.swift; sourceTree = "<group>"; };
		73454EB11B83EF4000DB0C76 /* BorderedButton.swift */ = {isa = PBXFileReference; fileEncoding = 4; lastKnownFileType = sourcecode.swift; path = BorderedButton.swift; sourceTree = "<group>"; };
		73D1615C1B83FB8100E4E6F4 /* DateExtensions.swift */ = {isa = PBXFileReference; fileEncoding = 4; lastKnownFileType = sourcecode.swift; path = DateExtensions.swift; sourceTree = "<group>"; };
		73D1615E1B83FFEB00E4E6F4 /* ImageExtensions.swift */ = {isa = PBXFileReference; fileEncoding = 4; lastKnownFileType = sourcecode.swift; path = ImageExtensions.swift; sourceTree = "<group>"; };
		73D161661B84257900E4E6F4 /* CreateListingViewController.swift */ = {isa = PBXFileReference; fileEncoding = 4; lastKnownFileType = sourcecode.swift; path = CreateListingViewController.swift; sourceTree = "<group>"; };
		73D161681B842B4A00E4E6F4 /* ListingViewController.swift */ = {isa = PBXFileReference; fileEncoding = 4; lastKnownFileType = sourcecode.swift; path = ListingViewController.swift; sourceTree = "<group>"; };
		73D1616A1B84355600E4E6F4 /* AboutViewController.swift */ = {isa = PBXFileReference; fileEncoding = 4; lastKnownFileType = sourcecode.swift; path = AboutViewController.swift; sourceTree = "<group>"; };
		73D1616C1B84399300E4E6F4 /* LoginViewController.swift */ = {isa = PBXFileReference; fileEncoding = 4; lastKnownFileType = sourcecode.swift; path = LoginViewController.swift; sourceTree = "<group>"; };
/* End PBXFileReference section */

/* Begin PBXFrameworksBuildPhase section */
		73454E731B839B7E00DB0C76 /* Frameworks */ = {
			isa = PBXFrameworksBuildPhase;
			buildActionMask = 2147483647;
			files = (
				970FEDFFD01A19835E9A3660 /* Pods.framework in Frameworks */,
			);
			runOnlyForDeploymentPostprocessing = 0;
		};
		73454E881B839B7E00DB0C76 /* Frameworks */ = {
			isa = PBXFrameworksBuildPhase;
			buildActionMask = 2147483647;
			files = (
			);
			runOnlyForDeploymentPostprocessing = 0;
		};
/* End PBXFrameworksBuildPhase section */

/* Begin PBXGroup section */
		2965E2FB74E9BF8436FE3FA4 /* Frameworks */ = {
			isa = PBXGroup;
			children = (
				6FB4F60CE10F2C395AADA5A3 /* Pods.framework */,
			);
			name = Frameworks;
			sourceTree = "<group>";
		};
		2A3A90B92C46E55DE87B585E /* Pods */ = {
			isa = PBXGroup;
			children = (
				0A3CB00F848FC2665E7F4AD8 /* Pods.debug.xcconfig */,
				6080E4F39EAB8227DEBFC43E /* Pods.release.xcconfig */,
			);
			name = Pods;
			sourceTree = "<group>";
		};
		73454E6D1B839B7E00DB0C76 = {
			isa = PBXGroup;
			children = (
				73454E781B839B7E00DB0C76 /* Swolemates */,
				73454E8E1B839B7E00DB0C76 /* SwolematesTests */,
				73454E771B839B7E00DB0C76 /* Products */,
				2A3A90B92C46E55DE87B585E /* Pods */,
				2965E2FB74E9BF8436FE3FA4 /* Frameworks */,
			);
			sourceTree = "<group>";
		};
		73454E771B839B7E00DB0C76 /* Products */ = {
			isa = PBXGroup;
			children = (
				73454E761B839B7E00DB0C76 /* Swolemates.app */,
				73454E8B1B839B7E00DB0C76 /* SwolematesTests.xctest */,
			);
			name = Products;
			sourceTree = "<group>";
		};
		73454E781B839B7E00DB0C76 /* Swolemates */ = {
			isa = PBXGroup;
			children = (
				73454E7B1B839B7E00DB0C76 /* AppDelegate.swift */,
				73454EA91B83BF9C00DB0C76 /* View Controllers */,
				73454E9D1B839EA700DB0C76 /* Models */,
				73454EB31B83EF4400DB0C76 /* Views */,
				73454EA21B83A21300DB0C76 /* Categories */,
				73454E821B839B7E00DB0C76 /* Images.xcassets */,
				73454E841B839B7E00DB0C76 /* LaunchScreen.xib */,
				732FC3161B84498900DB69A5 /* OpenSans-Regular.ttf */,
				732FC3171B84498900DB69A5 /* OpenSans-Semibold.ttf */,
				732FC31A1B8450E200DB69A5 /* Swolemates-Bridging-Header.h */,
				73454E791B839B7E00DB0C76 /* Supporting Files */,
			);
			path = Swolemates;
			sourceTree = "<group>";
		};
		73454E791B839B7E00DB0C76 /* Supporting Files */ = {
			isa = PBXGroup;
			children = (
				73454E7A1B839B7E00DB0C76 /* Info.plist */,
			);
			name = "Supporting Files";
			sourceTree = "<group>";
		};
		73454E8E1B839B7E00DB0C76 /* SwolematesTests */ = {
			isa = PBXGroup;
			children = (
				73454E911B839B7E00DB0C76 /* SwolematesTests.swift */,
				73454E8F1B839B7E00DB0C76 /* Supporting Files */,
			);
			path = SwolematesTests;
			sourceTree = "<group>";
		};
		73454E8F1B839B7E00DB0C76 /* Supporting Files */ = {
			isa = PBXGroup;
			children = (
				73454E901B839B7E00DB0C76 /* Info.plist */,
			);
			name = "Supporting Files";
			sourceTree = "<group>";
		};
		73454E9D1B839EA700DB0C76 /* Models */ = {
			isa = PBXGroup;
			children = (
				73454E9B1B839EA400DB0C76 /* GymListing.swift */,
			);
			name = Models;
			sourceTree = "<group>";
		};
		73454EA21B83A21300DB0C76 /* Categories */ = {
			isa = PBXGroup;
			children = (
				73454EA01B83A21100DB0C76 /* LocationExtensions.swift */,
				73D1615C1B83FB8100E4E6F4 /* DateExtensions.swift */,
				73D1615E1B83FFEB00E4E6F4 /* ImageExtensions.swift */,
				732FC31B1B8450E300DB69A5 /* AppearanceExtensions.h */,
				732FC31C1B8450E300DB69A5 /* AppearanceExtensions.m */,
				732FC31E1B84541E00DB69A5 /* SwoleStyles.swift */,
			);
			name = Categories;
			path = ..;
			sourceTree = "<group>";
		};
		73454EA91B83BF9C00DB0C76 /* View Controllers */ = {
			isa = PBXGroup;
			children = (
				73454E7F1B839B7E00DB0C76 /* Main.storyboard */,
				73454E7D1B839B7E00DB0C76 /* DiscoverViewController.swift */,
				73D161681B842B4A00E4E6F4 /* ListingViewController.swift */,
				73D161661B84257900E4E6F4 /* CreateListingViewController.swift */,
				73D1616A1B84355600E4E6F4 /* AboutViewController.swift */,
				73D1616C1B84399300E4E6F4 /* LoginViewController.swift */,
			);
			name = "View Controllers";
			sourceTree = "<group>";
		};
		73454EB31B83EF4400DB0C76 /* Views */ = {
			isa = PBXGroup;
			children = (
				73454EB11B83EF4000DB0C76 /* BorderedButton.swift */,
			);
			name = Views;
			sourceTree = "<group>";
		};
/* End PBXGroup section */

/* Begin PBXNativeTarget section */
		73454E751B839B7E00DB0C76 /* Swolemates */ = {
			isa = PBXNativeTarget;
			buildConfigurationList = 73454E951B839B7E00DB0C76 /* Build configuration list for PBXNativeTarget "Swolemates" */;
			buildPhases = (
				0D67A94FA5685BDC6F30A0C6 /* Check Pods Manifest.lock */,
				73454E721B839B7E00DB0C76 /* Sources */,
				73454E731B839B7E00DB0C76 /* Frameworks */,
				73454E741B839B7E00DB0C76 /* Resources */,
				4FF3EC1B36F333D90F06AA25 /* Embed Pods Frameworks */,
				35897D08CBC1C9C612B80A9B /* Copy Pods Resources */,
			);
			buildRules = (
			);
			dependencies = (
			);
			name = Swolemates;
			productName = Swolemates;
			productReference = 73454E761B839B7E00DB0C76 /* Swolemates.app */;
			productType = "com.apple.product-type.application";
		};
		73454E8A1B839B7E00DB0C76 /* SwolematesTests */ = {
			isa = PBXNativeTarget;
			buildConfigurationList = 73454E981B839B7E00DB0C76 /* Build configuration list for PBXNativeTarget "SwolematesTests" */;
			buildPhases = (
				73454E871B839B7E00DB0C76 /* Sources */,
				73454E881B839B7E00DB0C76 /* Frameworks */,
				73454E891B839B7E00DB0C76 /* Resources */,
			);
			buildRules = (
			);
			dependencies = (
				73454E8D1B839B7E00DB0C76 /* PBXTargetDependency */,
			);
			name = SwolematesTests;
			productName = SwolematesTests;
			productReference = 73454E8B1B839B7E00DB0C76 /* SwolematesTests.xctest */;
			productType = "com.apple.product-type.bundle.unit-test";
		};
/* End PBXNativeTarget section */

/* Begin PBXProject section */
		73454E6E1B839B7E00DB0C76 /* Project object */ = {
			isa = PBXProject;
			attributes = {
				LastUpgradeCheck = 0640;
				ORGANIZATIONNAME = AppCookbook;
				TargetAttributes = {
					73454E751B839B7E00DB0C76 = {
						CreatedOnToolsVersion = 6.4;
						DevelopmentTeam = D9G4X7TP5Q;
					};
					73454E8A1B839B7E00DB0C76 = {
						CreatedOnToolsVersion = 6.4;
						TestTargetID = 73454E751B839B7E00DB0C76;
					};
				};
			};
			buildConfigurationList = 73454E711B839B7E00DB0C76 /* Build configuration list for PBXProject "Swolemates" */;
			compatibilityVersion = "Xcode 3.2";
			developmentRegion = English;
			hasScannedForEncodings = 0;
			knownRegions = (
				en,
				Base,
			);
			mainGroup = 73454E6D1B839B7E00DB0C76;
			productRefGroup = 73454E771B839B7E00DB0C76 /* Products */;
			projectDirPath = "";
			projectRoot = "";
			targets = (
				73454E751B839B7E00DB0C76 /* Swolemates */,
				73454E8A1B839B7E00DB0C76 /* SwolematesTests */,
			);
		};
/* End PBXProject section */

/* Begin PBXResourcesBuildPhase section */
		73454E741B839B7E00DB0C76 /* Resources */ = {
			isa = PBXResourcesBuildPhase;
			buildActionMask = 2147483647;
			files = (
				73454E811B839B7E00DB0C76 /* Main.storyboard in Resources */,
				73454E861B839B7E00DB0C76 /* LaunchScreen.xib in Resources */,
				732FC3181B84498900DB69A5 /* OpenSans-Regular.ttf in Resources */,
				73454E831B839B7E00DB0C76 /* Images.xcassets in Resources */,
				732FC3191B84498900DB69A5 /* OpenSans-Semibold.ttf in Resources */,
			);
			runOnlyForDeploymentPostprocessing = 0;
		};
		73454E891B839B7E00DB0C76 /* Resources */ = {
			isa = PBXResourcesBuildPhase;
			buildActionMask = 2147483647;
			files = (
			);
			runOnlyForDeploymentPostprocessing = 0;
		};
/* End PBXResourcesBuildPhase section */

/* Begin PBXShellScriptBuildPhase section */
		0D67A94FA5685BDC6F30A0C6 /* Check Pods Manifest.lock */ = {
			isa = PBXShellScriptBuildPhase;
			buildActionMask = 2147483647;
			files = (
			);
			inputPaths = (
			);
			name = "Check Pods Manifest.lock";
			outputPaths = (
			);
			runOnlyForDeploymentPostprocessing = 0;
			shellPath = /bin/sh;
			shellScript = "diff \"${PODS_ROOT}/../Podfile.lock\" \"${PODS_ROOT}/Manifest.lock\" > /dev/null\nif [[ $? != 0 ]] ; then\n    cat << EOM\nerror: The sandbox is not in sync with the Podfile.lock. Run 'pod install' or update your CocoaPods installation.\nEOM\n    exit 1\nfi\n";
			showEnvVarsInLog = 0;
		};
		35897D08CBC1C9C612B80A9B /* Copy Pods Resources */ = {
			isa = PBXShellScriptBuildPhase;
			buildActionMask = 2147483647;
			files = (
			);
			inputPaths = (
			);
			name = "Copy Pods Resources";
			outputPaths = (
			);
			runOnlyForDeploymentPostprocessing = 0;
			shellPath = /bin/sh;
			shellScript = "\"${SRCROOT}/Pods/Target Support Files/Pods/Pods-resources.sh\"\n";
			showEnvVarsInLog = 0;
		};
		4FF3EC1B36F333D90F06AA25 /* Embed Pods Frameworks */ = {
			isa = PBXShellScriptBuildPhase;
			buildActionMask = 2147483647;
			files = (
			);
			inputPaths = (
			);
			name = "Embed Pods Frameworks";
			outputPaths = (
			);
			runOnlyForDeploymentPostprocessing = 0;
			shellPath = /bin/sh;
			shellScript = "\"${SRCROOT}/Pods/Target Support Files/Pods/Pods-frameworks.sh\"\n";
			showEnvVarsInLog = 0;
		};
/* End PBXShellScriptBuildPhase section */

/* Begin PBXSourcesBuildPhase section */
		73454E721B839B7E00DB0C76 /* Sources */ = {
			isa = PBXSourcesBuildPhase;
			buildActionMask = 2147483647;
			files = (
				73D161691B842B4A00E4E6F4 /* ListingViewController.swift in Sources */,
				73D1615D1B83FB8100E4E6F4 /* DateExtensions.swift in Sources */,
				73D1615F1B83FFEB00E4E6F4 /* ImageExtensions.swift in Sources */,
				73454EB21B83EF4000DB0C76 /* BorderedButton.swift in Sources */,
				73D161671B84257900E4E6F4 /* CreateListingViewController.swift in Sources */,
				732FC31F1B84541E00DB69A5 /* SwoleStyles.swift in Sources */,
				732FC31D1B8450E300DB69A5 /* AppearanceExtensions.m in Sources */,
				73454EA11B83A21100DB0C76 /* LocationExtensions.swift in Sources */,
				73454E7E1B839B7E00DB0C76 /* DiscoverViewController.swift in Sources */,
				73454E9C1B839EA400DB0C76 /* GymListing.swift in Sources */,
				73D1616B1B84355600E4E6F4 /* AboutViewController.swift in Sources */,
				73454E7C1B839B7E00DB0C76 /* AppDelegate.swift in Sources */,
				73D1616D1B84399300E4E6F4 /* LoginViewController.swift in Sources */,
			);
			runOnlyForDeploymentPostprocessing = 0;
		};
		73454E871B839B7E00DB0C76 /* Sources */ = {
			isa = PBXSourcesBuildPhase;
			buildActionMask = 2147483647;
			files = (
				73454E921B839B7E00DB0C76 /* SwolematesTests.swift in Sources */,
			);
			runOnlyForDeploymentPostprocessing = 0;
		};
/* End PBXSourcesBuildPhase section */

/* Begin PBXTargetDependency section */
		73454E8D1B839B7E00DB0C76 /* PBXTargetDependency */ = {
			isa = PBXTargetDependency;
			target = 73454E751B839B7E00DB0C76 /* Swolemates */;
			targetProxy = 73454E8C1B839B7E00DB0C76 /* PBXContainerItemProxy */;
		};
/* End PBXTargetDependency section */

/* Begin PBXVariantGroup section */
		73454E7F1B839B7E00DB0C76 /* Main.storyboard */ = {
			isa = PBXVariantGroup;
			children = (
				73454E801B839B7E00DB0C76 /* Base */,
			);
			name = Main.storyboard;
			sourceTree = "<group>";
		};
		73454E841B839B7E00DB0C76 /* LaunchScreen.xib */ = {
			isa = PBXVariantGroup;
			children = (
				73454E851B839B7E00DB0C76 /* Base */,
			);
			name = LaunchScreen.xib;
			sourceTree = "<group>";
		};
/* End PBXVariantGroup section */

/* Begin XCBuildConfiguration section */
		73454E931B839B7E00DB0C76 /* Debug */ = {
			isa = XCBuildConfiguration;
			buildSettings = {
				ALWAYS_SEARCH_USER_PATHS = NO;
				CLANG_CXX_LANGUAGE_STANDARD = "gnu++0x";
				CLANG_CXX_LIBRARY = "libc++";
				CLANG_ENABLE_MODULES = YES;
				CLANG_ENABLE_OBJC_ARC = YES;
				CLANG_WARN_BOOL_CONVERSION = YES;
				CLANG_WARN_CONSTANT_CONVERSION = YES;
				CLANG_WARN_DIRECT_OBJC_ISA_USAGE = YES_ERROR;
				CLANG_WARN_EMPTY_BODY = YES;
				CLANG_WARN_ENUM_CONVERSION = YES;
				CLANG_WARN_INT_CONVERSION = YES;
				CLANG_WARN_OBJC_ROOT_CLASS = YES_ERROR;
				CLANG_WARN_UNREACHABLE_CODE = YES;
				CLANG_WARN__DUPLICATE_METHOD_MATCH = YES;
				"CODE_SIGN_IDENTITY[sdk=iphoneos*]" = "iPhone Developer";
				COPY_PHASE_STRIP = NO;
				DEBUG_INFORMATION_FORMAT = "dwarf-with-dsym";
				ENABLE_STRICT_OBJC_MSGSEND = YES;
				GCC_C_LANGUAGE_STANDARD = gnu99;
				GCC_DYNAMIC_NO_PIC = NO;
				GCC_NO_COMMON_BLOCKS = YES;
				GCC_OPTIMIZATION_LEVEL = 0;
				GCC_PREPROCESSOR_DEFINITIONS = (
					"DEBUG=1",
					"$(inherited)",
				);
				GCC_SYMBOLS_PRIVATE_EXTERN = NO;
				GCC_WARN_64_TO_32_BIT_CONVERSION = YES;
				GCC_WARN_ABOUT_RETURN_TYPE = YES_ERROR;
				GCC_WARN_UNDECLARED_SELECTOR = YES;
				GCC_WARN_UNINITIALIZED_AUTOS = YES_AGGRESSIVE;
				GCC_WARN_UNUSED_FUNCTION = YES;
				GCC_WARN_UNUSED_VARIABLE = YES;
				IPHONEOS_DEPLOYMENT_TARGET = 8.4;
				MTL_ENABLE_DEBUG_INFO = YES;
				ONLY_ACTIVE_ARCH = YES;
				SDKROOT = iphoneos;
				SWIFT_OPTIMIZATION_LEVEL = "-Onone";
			};
			name = Debug;
		};
		73454E941B839B7E00DB0C76 /* Release */ = {
			isa = XCBuildConfiguration;
			buildSettings = {
				ALWAYS_SEARCH_USER_PATHS = NO;
				CLANG_CXX_LANGUAGE_STANDARD = "gnu++0x";
				CLANG_CXX_LIBRARY = "libc++";
				CLANG_ENABLE_MODULES = YES;
				CLANG_ENABLE_OBJC_ARC = YES;
				CLANG_WARN_BOOL_CONVERSION = YES;
				CLANG_WARN_CONSTANT_CONVERSION = YES;
				CLANG_WARN_DIRECT_OBJC_ISA_USAGE = YES_ERROR;
				CLANG_WARN_EMPTY_BODY = YES;
				CLANG_WARN_ENUM_CONVERSION = YES;
				CLANG_WARN_INT_CONVERSION = YES;
				CLANG_WARN_OBJC_ROOT_CLASS = YES_ERROR;
				CLANG_WARN_UNREACHABLE_CODE = YES;
				CLANG_WARN__DUPLICATE_METHOD_MATCH = YES;
				"CODE_SIGN_IDENTITY[sdk=iphoneos*]" = "iPhone Developer";
				COPY_PHASE_STRIP = NO;
				DEBUG_INFORMATION_FORMAT = "dwarf-with-dsym";
				ENABLE_NS_ASSERTIONS = NO;
				ENABLE_STRICT_OBJC_MSGSEND = YES;
				GCC_C_LANGUAGE_STANDARD = gnu99;
				GCC_NO_COMMON_BLOCKS = YES;
				GCC_WARN_64_TO_32_BIT_CONVERSION = YES;
				GCC_WARN_ABOUT_RETURN_TYPE = YES_ERROR;
				GCC_WARN_UNDECLARED_SELECTOR = YES;
				GCC_WARN_UNINITIALIZED_AUTOS = YES_AGGRESSIVE;
				GCC_WARN_UNUSED_FUNCTION = YES;
				GCC_WARN_UNUSED_VARIABLE = YES;
				IPHONEOS_DEPLOYMENT_TARGET = 8.4;
				MTL_ENABLE_DEBUG_INFO = NO;
				SDKROOT = iphoneos;
				VALIDATE_PRODUCT = YES;
			};
			name = Release;
		};
		73454E961B839B7E00DB0C76 /* Debug */ = {
			isa = XCBuildConfiguration;
			baseConfigurationReference = 0A3CB00F848FC2665E7F4AD8 /* Pods.debug.xcconfig */;
			buildSettings = {
				ASSETCATALOG_COMPILER_APPICON_NAME = AppIcon;
				CLANG_ENABLE_MODULES = YES;
				CODE_SIGN_IDENTITY = "iPhone Developer";
				"CODE_SIGN_IDENTITY[sdk=iphoneos*]" = "iPhone Developer";
				INFOPLIST_FILE = Swolemates/Info.plist;
				LD_RUNPATH_SEARCH_PATHS = "$(inherited) @executable_path/Frameworks";
				PRODUCT_NAME = "$(TARGET_NAME)";
				PROVISIONING_PROFILE = "";
				SWIFT_OBJC_BRIDGING_HEADER = "Swolemates-Bridging-Header.h";
				SWIFT_OPTIMIZATION_LEVEL = "-Onone";
			};
			name = Debug;
		};
		73454E971B839B7E00DB0C76 /* Release */ = {
			isa = XCBuildConfiguration;
			baseConfigurationReference = 6080E4F39EAB8227DEBFC43E /* Pods.release.xcconfig */;
			buildSettings = {
				ASSETCATALOG_COMPILER_APPICON_NAME = AppIcon;
				CLANG_ENABLE_MODULES = YES;
				CODE_SIGN_IDENTITY = "iPhone Developer";
				"CODE_SIGN_IDENTITY[sdk=iphoneos*]" = "iPhone Developer";
				INFOPLIST_FILE = Swolemates/Info.plist;
				LD_RUNPATH_SEARCH_PATHS = "$(inherited) @executable_path/Frameworks";
				PRODUCT_NAME = "$(TARGET_NAME)";
				PROVISIONING_PROFILE = "";
				SWIFT_OBJC_BRIDGING_HEADER = "Swolemates-Bridging-Header.h";
			};
			name = Release;
		};
		73454E991B839B7E00DB0C76 /* Debug */ = {
			isa = XCBuildConfiguration;
			buildSettings = {
				BUNDLE_LOADER = "$(TEST_HOST)";
				FRAMEWORK_SEARCH_PATHS = (
					"$(SDKROOT)/Developer/Library/Frameworks",
					"$(inherited)",
				);
				GCC_PREPROCESSOR_DEFINITIONS = (
					"DEBUG=1",
					"$(inherited)",
				);
				INFOPLIST_FILE = SwolematesTests/Info.plist;
				LD_RUNPATH_SEARCH_PATHS = "$(inherited) @executable_path/Frameworks @loader_path/Frameworks";
				PRODUCT_NAME = "$(TARGET_NAME)";
				TEST_HOST = "$(BUILT_PRODUCTS_DIR)/Swolemates.app/Swolemates";
			};
			name = Debug;
		};
		73454E9A1B839B7E00DB0C76 /* Release */ = {
			isa = XCBuildConfiguration;
			buildSettings = {
				BUNDLE_LOADER = "$(TEST_HOST)";
				FRAMEWORK_SEARCH_PATHS = (
					"$(SDKROOT)/Developer/Library/Frameworks",
					"$(inherited)",
				);
				INFOPLIST_FILE = SwolematesTests/Info.plist;
				LD_RUNPATH_SEARCH_PATHS = "$(inherited) @executable_path/Frameworks @loader_path/Frameworks";
				PRODUCT_NAME = "$(TARGET_NAME)";
				TEST_HOST = "$(BUILT_PRODUCTS_DIR)/Swolemates.app/Swolemates";
			};
			name = Release;
		};
/* End XCBuildConfiguration section */

/* Begin XCConfigurationList section */
		73454E711B839B7E00DB0C76 /* Build configuration list for PBXProject "Swolemates" */ = {
			isa = XCConfigurationList;
			buildConfigurations = (
				73454E931B839B7E00DB0C76 /* Debug */,
				73454E941B839B7E00DB0C76 /* Release */,
			);
			defaultConfigurationIsVisible = 0;
			defaultConfigurationName = Release;
		};
		73454E951B839B7E00DB0C76 /* Build configuration list for PBXNativeTarget "Swolemates" */ = {
			isa = XCConfigurationList;
			buildConfigurations = (
				73454E961B839B7E00DB0C76 /* Debug */,
				73454E971B839B7E00DB0C76 /* Release */,
			);
			defaultConfigurationIsVisible = 0;
			defaultConfigurationName = Release;
		};
		73454E981B839B7E00DB0C76 /* Build configuration list for PBXNativeTarget "SwolematesTests" */ = {
			isa = XCConfigurationList;
			buildConfigurations = (
				73454E991B839B7E00DB0C76 /* Debug */,
				73454E9A1B839B7E00DB0C76 /* Release */,
			);
			defaultConfigurationIsVisible = 0;
			defaultConfigurationName = Release;
		};
/* End XCConfigurationList section */
	};
	rootObject = 73454E6E1B839B7E00DB0C76 /* Project object */;
}
